
Microsoft Visual Studio Solution File, Format Version 12.00
Project("{FAE04EC0-301F-11D3-BF4B-00C04F79EFBC}") = "Lexer", "Lexer\Lexer.csproj", "{B9C29C1C-E6A3-4219-AD19-F4AC8754B8A4}"
EndProject
Project("{FAE04EC0-301F-11D3-BF4B-00C04F79EFBC}") = "Testing", "Testing\Testing.csproj", "{5C85F81F-A5D0-47DC-B64A-CCA257A59A0D}"
EndProject
Project("{FAE04EC0-301F-11D3-BF4B-00C04F79EFBC}") = "Settings", "Settings\Settings.csproj", "{7BB8876D-4F28-4765-B047-CDA4442E887A}"
EndProject
Project("{FAE04EC0-301F-11D3-BF4B-00C04F79EFBC}") = "Parser", "Parser\Parser.csproj", "{7A97DAEB-28A3-4A3C-9A8E-A7493BB7E183}"
EndProject
Project("{FAE04EC0-301F-11D3-BF4B-00C04F79EFBC}") = "IRGenerator", "IRGenerator\IRGenerator.csproj", "{C4401871-7274-4252-9087-AE266F85826C}"
EndProject
Global
	GlobalSection(SolutionConfigurationPlatforms) = preSolution
		Debug|Any CPU = Debug|Any CPU
		Release|Any CPU = Release|Any CPU
	EndGlobalSection
	GlobalSection(ProjectConfigurationPlatforms) = postSolution
		{B9C29C1C-E6A3-4219-AD19-F4AC8754B8A4}.Debug|Any CPU.ActiveCfg = Debug|Any CPU
		{B9C29C1C-E6A3-4219-AD19-F4AC8754B8A4}.Debug|Any CPU.Build.0 = Debug|Any CPU
		{B9C29C1C-E6A3-4219-AD19-F4AC8754B8A4}.Release|Any CPU.ActiveCfg = Release|Any CPU
		{B9C29C1C-E6A3-4219-AD19-F4AC8754B8A4}.Release|Any CPU.Build.0 = Release|Any CPU
		{5C85F81F-A5D0-47DC-B64A-CCA257A59A0D}.Debug|Any CPU.ActiveCfg = Debug|Any CPU
		{5C85F81F-A5D0-47DC-B64A-CCA257A59A0D}.Debug|Any CPU.Build.0 = Debug|Any CPU
		{5C85F81F-A5D0-47DC-B64A-CCA257A59A0D}.Release|Any CPU.ActiveCfg = Release|Any CPU
		{5C85F81F-A5D0-47DC-B64A-CCA257A59A0D}.Release|Any CPU.Build.0 = Release|Any CPU
		{7BB8876D-4F28-4765-B047-CDA4442E887A}.Debug|Any CPU.ActiveCfg = Debug|Any CPU
		{7BB8876D-4F28-4765-B047-CDA4442E887A}.Debug|Any CPU.Build.0 = Debug|Any CPU
		{7BB8876D-4F28-4765-B047-CDA4442E887A}.Release|Any CPU.ActiveCfg = Release|Any CPU
		{7BB8876D-4F28-4765-B047-CDA4442E887A}.Release|Any CPU.Build.0 = Release|Any CPU
		{7A97DAEB-28A3-4A3C-9A8E-A7493BB7E183}.Debug|Any CPU.ActiveCfg = Debug|Any CPU
		{7A97DAEB-28A3-4A3C-9A8E-A7493BB7E183}.Debug|Any CPU.Build.0 = Debug|Any CPU
		{7A97DAEB-28A3-4A3C-9A8E-A7493BB7E183}.Release|Any CPU.ActiveCfg = Release|Any CPU
		{7A97DAEB-28A3-4A3C-9A8E-A7493BB7E183}.Release|Any CPU.Build.0 = Release|Any CPU
		{C4401871-7274-4252-9087-AE266F85826C}.Debug|Any CPU.ActiveCfg = Debug|Any CPU
		{C4401871-7274-4252-9087-AE266F85826C}.Debug|Any CPU.Build.0 = Debug|Any CPU
		{C4401871-7274-4252-9087-AE266F85826C}.Release|Any CPU.ActiveCfg = Release|Any CPU
		{C4401871-7274-4252-9087-AE266F85826C}.Release|Any CPU.Build.0 = Release|Any CPU
	EndGlobalSection
EndGlobal
